
Microsoft Visual Studio Solution File, Format Version 12.00
# Visual Studio 14
VisualStudioVersion = 14.0.24720.0
MinimumVisualStudioVersion = 10.0.40219.1
Project("{FAE04EC0-301F-11D3-BF4B-00C04F79EFBC}") = "MathEngine.Core", "MathEngine.Core\MathEngine.Core.csproj", "{F0309E05-373C-44AA-AFCD-535FFBCD8D27}"
EndProject
Project("{FAE04EC0-301F-11D3-BF4B-00C04F79EFBC}") = "Tests.Core", "Tests.Core\Tests.Core.csproj", "{D32A0056-D718-4AE1-B14A-826391777C95}"
EndProject
Project("{FAE04EC0-301F-11D3-BF4B-00C04F79EFBC}") = "MathEngine.Utility", "MathEngine.Utility\MathEngine.Utility.csproj", "{1A169C59-23C8-47FD-BB97-927D138A323B}"
EndProject
Project("{FAE04EC0-301F-11D3-BF4B-00C04F79EFBC}") = "Tests.Utility", "Tests.Utility\Tests.Utility.csproj", "{C14402A1-0FC3-4B12-88BC-DEA94B4940D3}"
EndProject
Project("{FAE04EC0-301F-11D3-BF4B-00C04F79EFBC}") = "Sandbox", "Sandbox\Sandbox.csproj", "{6B8C1151-5800-421F-B2BA-358BE982F4C1}"
EndProject
Project("{FAE04EC0-301F-11D3-BF4B-00C04F79EFBC}") = "MathEngine.Presentation", "MathEngine.Presentation\MathEngine.Presentation.csproj", "{94B57244-762F-485B-B074-2FC959D65B18}"
EndProject
Global
	GlobalSection(SolutionConfigurationPlatforms) = preSolution
		Debug|Any CPU = Debug|Any CPU
		Release|Any CPU = Release|Any CPU
	EndGlobalSection
	GlobalSection(ProjectConfigurationPlatforms) = postSolution
		{F0309E05-373C-44AA-AFCD-535FFBCD8D27}.Debug|Any CPU.ActiveCfg = Debug|Any CPU
		{F0309E05-373C-44AA-AFCD-535FFBCD8D27}.Debug|Any CPU.Build.0 = Debug|Any CPU
		{F0309E05-373C-44AA-AFCD-535FFBCD8D27}.Release|Any CPU.ActiveCfg = Release|Any CPU
		{F0309E05-373C-44AA-AFCD-535FFBCD8D27}.Release|Any CPU.Build.0 = Release|Any CPU
		{D32A0056-D718-4AE1-B14A-826391777C95}.Debug|Any CPU.ActiveCfg = Debug|Any CPU
		{D32A0056-D718-4AE1-B14A-826391777C95}.Debug|Any CPU.Build.0 = Debug|Any CPU
		{D32A0056-D718-4AE1-B14A-826391777C95}.Release|Any CPU.ActiveCfg = Release|Any CPU
		{D32A0056-D718-4AE1-B14A-826391777C95}.Release|Any CPU.Build.0 = Release|Any CPU
		{1A169C59-23C8-47FD-BB97-927D138A323B}.Debug|Any CPU.ActiveCfg = Debug|Any CPU
		{1A169C59-23C8-47FD-BB97-927D138A323B}.Debug|Any CPU.Build.0 = Debug|Any CPU
		{1A169C59-23C8-47FD-BB97-927D138A323B}.Release|Any CPU.ActiveCfg = Release|Any CPU
		{1A169C59-23C8-47FD-BB97-927D138A323B}.Release|Any CPU.Build.0 = Release|Any CPU
		{C14402A1-0FC3-4B12-88BC-DEA94B4940D3}.Debug|Any CPU.ActiveCfg = Debug|Any CPU
		{C14402A1-0FC3-4B12-88BC-DEA94B4940D3}.Debug|Any CPU.Build.0 = Debug|Any CPU
		{C14402A1-0FC3-4B12-88BC-DEA94B4940D3}.Release|Any CPU.ActiveCfg = Release|Any CPU
		{C14402A1-0FC3-4B12-88BC-DEA94B4940D3}.Release|Any CPU.Build.0 = Release|Any CPU
		{6B8C1151-5800-421F-B2BA-358BE982F4C1}.Debug|Any CPU.ActiveCfg = Debug|Any CPU
		{6B8C1151-5800-421F-B2BA-358BE982F4C1}.Debug|Any CPU.Build.0 = Debug|Any CPU
		{6B8C1151-5800-421F-B2BA-358BE982F4C1}.Release|Any CPU.ActiveCfg = Release|Any CPU
		{6B8C1151-5800-421F-B2BA-358BE982F4C1}.Release|Any CPU.Build.0 = Release|Any CPU
		{94B57244-762F-485B-B074-2FC959D65B18}.Debug|Any CPU.ActiveCfg = Debug|Any CPU
		{94B57244-762F-485B-B074-2FC959D65B18}.Debug|Any CPU.Build.0 = Debug|Any CPU
		{94B57244-762F-485B-B074-2FC959D65B18}.Release|Any CPU.ActiveCfg = Release|Any CPU
		{94B57244-762F-485B-B074-2FC959D65B18}.Release|Any CPU.Build.0 = Release|Any CPU
	EndGlobalSection
	GlobalSection(SolutionProperties) = preSolution
		HideSolutionNode = FALSE
	EndGlobalSection
EndGlobal
